
Microsoft Visual Studio Solution File, Format Version 12.00
# Visual Studio 2013
VisualStudioVersion = 12.0.31101.0
MinimumVisualStudioVersion = 10.0.40219.1
Project("{FAE04EC0-301F-11D3-BF4B-00C04F79EFBC}") = "TgFramework.Core", "TgFramework.Core\TgFramework.Core.csproj", "{8DF935DD-93F0-470A-9B24-2AF889385735}"
EndProject
Project("{FAE04EC0-301F-11D3-BF4B-00C04F79EFBC}") = "TgFramework", "TgFramework\TgFramework.csproj", "{0ADD3F45-A60C-4679-8933-A748EF1D1F4D}"
EndProject
Project("{FAE04EC0-301F-11D3-BF4B-00C04F79EFBC}") = "TgFramework.Samples.Simple", "TgFramework.Samples.Simple\TgFramework.Samples.Simple.csproj", "{2E11D545-07B2-4213-A254-DE915D50F177}"
EndProject
Global
	GlobalSection(SolutionConfigurationPlatforms) = preSolution
		Debug|Any CPU = Debug|Any CPU
		Release|Any CPU = Release|Any CPU
	EndGlobalSection
	GlobalSection(ProjectConfigurationPlatforms) = postSolution
		{8DF935DD-93F0-470A-9B24-2AF889385735}.Debug|Any CPU.ActiveCfg = Debug|Any CPU
		{8DF935DD-93F0-470A-9B24-2AF889385735}.Debug|Any CPU.Build.0 = Debug|Any CPU
		{8DF935DD-93F0-470A-9B24-2AF889385735}.Release|Any CPU.ActiveCfg = Release|Any CPU
		{8DF935DD-93F0-470A-9B24-2AF889385735}.Release|Any CPU.Build.0 = Release|Any CPU
		{0ADD3F45-A60C-4679-8933-A748EF1D1F4D}.Debug|Any CPU.ActiveCfg = Debug|Any CPU
		{0ADD3F45-A60C-4679-8933-A748EF1D1F4D}.Debug|Any CPU.Build.0 = Debug|Any CPU
		{0ADD3F45-A60C-4679-8933-A748EF1D1F4D}.Release|Any CPU.ActiveCfg = Release|Any CPU
		{0ADD3F45-A60C-4679-8933-A748EF1D1F4D}.Release|Any CPU.Build.0 = Release|Any CPU
		{2E11D545-07B2-4213-A254-DE915D50F177}.Debug|Any CPU.ActiveCfg = Debug|Any CPU
		{2E11D545-07B2-4213-A254-DE915D50F177}.Debug|Any CPU.Build.0 = Debug|Any CPU
		{2E11D545-07B2-4213-A254-DE915D50F177}.Release|Any CPU.ActiveCfg = Release|Any CPU
		{2E11D545-07B2-4213-A254-DE915D50F177}.Release|Any CPU.Build.0 = Release|Any CPU
	EndGlobalSection
	GlobalSection(SolutionProperties) = preSolution
		HideSolutionNode = FALSE
	EndGlobalSection
EndGlobal
